{
  "version": 4,
  "terraform_version": "1.14.9",
  "serial": 24,
  "lineage": "b2e3927b-9c0d-ec62-5579-8c2bf42fdc77",
  "outputs": {
    "app_url": {
      "value": "https://chaine-devops-app.azurewebsites.net",
      "type": "string"
    }
  },
  "resources": [
    {
      "mode": "managed",
      "type": "azurerm_linux_web_app",
      "name": "app",
      "provider": "provider[\"registry.terraform.io/hashicorp/azurerm\"]",
      "instances": [
        {
          "schema_version": 1,
          "attributes": {
            "app_settings": null,
            "auth_settings": [
              {
                "active_directory": [],
                "additional_login_parameters": {},
                "allowed_external_redirect_urls": [],
                "default_provider": "",
                "enabled": false,
                "facebook": [],
                "github": [],
                "google": [],
                "issuer": "",
                "microsoft": [],
                "runtime_version": "",
                "token_refresh_extension_hours": 0,
                "token_store_enabled": false,
                "twitter": [],
                "unauthenticated_client_action": ""
              }
            ],
            "auth_settings_v2": [],
            "backup": [],
            "client_affinity_enabled": false,
            "client_certificate_enabled": false,
            "client_certificate_exclusion_paths": "",
            "client_certificate_mode": "Required",
            "connection_string": [],
            "custom_domain_verification_id": "A275C28EAA5F2EF7CF4606735DDCEBE245ABA9F4238BA704173BC42521B76775",
            "default_hostname": "chaine-devops-app.azurewebsites.net",
            "enabled": true,
            "ftp_publish_basic_authentication_enabled": true,
            "hosting_environment_id": "",
            "https_only": false,
            "id": "/subscriptions/77a533fe-dd68-4f86-b3bd-f13adaaa286a/resourceGroups/rg-chaine-devops/providers/Microsoft.Web/sites/chaine-devops-app",
            "identity": [],
            "key_vault_reference_identity_id": "SystemAssigned",
            "kind": "app,linux,container",
            "location": "spaincentral",
            "logs": [],
            "name": "chaine-devops-app",
            "outbound_ip_address_list": [
              "68.221.255.203",
              "68.221.255.206",
              "68.221.255.211",
              "68.221.255.212",
              "68.221.251.27",
              "68.221.251.222",
              "70.156.192.44",
              "70.156.192.62",
              "70.156.200.37",
              "70.156.192.46",
              "70.156.184.20",
              "70.156.208.248",
              "68.221.251.49",
              "68.221.251.68",
              "68.221.251.228",
              "68.221.252.141",
              "68.221.252.212",
              "68.221.254.45",
              "68.221.89.3"
            ],
            "outbound_ip_addresses": "68.221.255.203,68.221.255.206,68.221.255.211,68.221.255.212,68.221.251.27,68.221.251.222,70.156.192.44,70.156.192.62,70.156.200.37,70.156.192.46,70.156.184.20,70.156.208.248,68.221.251.49,68.221.251.68,68.221.251.228,68.221.252.141,68.221.252.212,68.221.254.45,68.221.89.3",
            "possible_outbound_ip_address_list": [
              "68.221.255.203",
              "68.221.255.206",
              "68.221.255.211",
              "68.221.255.212",
              "68.221.251.27",
              "68.221.251.222",
              "70.156.192.44",
              "70.156.192.62",
              "70.156.200.37",
              "70.156.192.46",
              "70.156.184.20",
              "70.156.208.248",
              "68.221.251.49",
              "68.221.251.68",
              "68.221.251.228",
              "68.221.252.141",
              "68.221.252.212",
              "68.221.254.45",
              "68.221.254.131",
              "68.221.255.76",
              "68.221.255.91",
              "68.221.255.104",
              "68.221.255.125",
              "68.221.255.152",
              "68.221.255.157",
              "68.221.255.164",
              "68.221.255.182",
              "68.221.255.184",
              "68.221.255.193",
              "68.221.255.201",
              "68.221.251.235",
              "68.221.250.219",
              "68.221.254.202",
              "68.221.252.126",
              "68.221.254.249",
              "68.221.255.220",
              "68.221.89.3"
            ],
            "possible_outbound_ip_addresses": "68.221.255.203,68.221.255.206,68.221.255.211,68.221.255.212,68.221.251.27,68.221.251.222,70.156.192.44,70.156.192.62,70.156.200.37,70.156.192.46,70.156.184.20,70.156.208.248,68.221.251.49,68.221.251.68,68.221.251.228,68.221.252.141,68.221.252.212,68.221.254.45,68.221.254.131,68.221.255.76,68.221.255.91,68.221.255.104,68.221.255.125,68.221.255.152,68.221.255.157,68.221.255.164,68.221.255.182,68.221.255.184,68.221.255.193,68.221.255.201,68.221.251.235,68.221.250.219,68.221.254.202,68.221.252.126,68.221.254.249,68.221.255.220,68.221.89.3",
            "public_network_access_enabled": true,
            "resource_group_name": "rg-chaine-devops",
            "service_plan_id": "/subscriptions/77a533fe-dd68-4f86-b3bd-f13adaaa286a/resourceGroups/rg-chaine-devops/providers/Microsoft.Web/serverFarms/plan-chaine-devops",
            "site_config": [
              {
                "always_on": false,
                "api_definition_url": "",
                "api_management_api_id": "",
                "app_command_line": "",
                "application_stack": [
                  {
                    "docker_image_name": "abdoulayely777/chaine_devops:latest",
                    "docker_registry_password": "",
                    "docker_registry_url": "",
                    "docker_registry_username": "",
                    "dotnet_version": "",
                    "go_version": "",
                    "java_server": "",
                    "java_server_version": "",
                    "java_version": "",
                    "node_version": "",
                    "php_version": "",
                    "python_version": "",
                    "ruby_version": ""
                  }
                ],
                "auto_heal_setting": [],
                "container_registry_managed_identity_client_id": "",
                "container_registry_use_managed_identity": false,
                "cors": [],
                "default_documents": [
                  "Default.htm",
                  "Default.html",
                  "Default.asp",
                  "index.htm",
                  "index.html",
                  "iisstart.htm",
                  "default.aspx",
                  "index.php",
                  "hostingstart.html"
                ],
                "detailed_error_logging_enabled": false,
                "ftps_state": "Disabled",
                "health_check_eviction_time_in_min": 0,
                "health_check_path": "",
                "http2_enabled": false,
                "ip_restriction": [],
                "ip_restriction_default_action": "Allow",
                "linux_fx_version": "DOCKER|/abdoulayely777/chaine_devops:latest",
                "load_balancing_mode": "LeastRequests",
                "local_mysql_enabled": false,
                "managed_pipeline_mode": "Integrated",
                "minimum_tls_version": "1.2",
                "remote_debugging_enabled": false,
                "remote_debugging_version": "VS2022",
                "scm_ip_restriction": [],
                "scm_ip_restriction_default_action": "Allow",
                "scm_minimum_tls_version": "1.2",
                "scm_type": "None",
                "scm_use_main_ip_restriction": false,
                "use_32_bit_worker": true,
                "vnet_route_all_enabled": false,
                "websockets_enabled": false,
                "worker_count": 1
              }
            ],
            "site_credential": [
              {
                "name": "$chaine-devops-app",
                "password": "as6AW9a0sJ287HMxRT5FZfWpaTArHDadZbWpAu8ymasrTBGZ2yFYnuAREmfN"
              }
            ],
            "sticky_settings": [],
            "storage_account": [],
            "tags": null,
            "timeouts": null,
            "virtual_network_backup_restore_enabled": false,
            "virtual_network_subnet_id": "",
            "vnet_image_pull_enabled": false,
            "webdeploy_publish_basic_authentication_enabled": true,
            "zip_deploy_file": ""
          },
          "sensitive_attributes": [
            [
              {
                "type": "get_attr",
                "value": "custom_domain_verification_id"
              }
            ],
            [
              {
                "type": "get_attr",
                "value": "site_config"
              },
              {
                "type": "index",
                "value": {
                  "value": 0,
                  "type": "number"
                }
              },
              {
                "type": "get_attr",
                "value": "application_stack"
              },
              {
                "type": "index",
                "value": {
                  "value": 0,
                  "type": "number"
                }
              },
              {
                "type": "get_attr",
                "value": "docker_registry_password"
              }
            ],
            [
              {
                "type": "get_attr",
                "value": "site_credential"
              }
            ]
          ],
          "identity_schema_version": 0,
          "private": "eyJlMmJmYjczMC1lY2FhLTExZTYtOGY4OC0zNDM2M2JjN2M0YzAiOnsiY3JlYXRlIjoxODAwMDAwMDAwMDAwLCJkZWxldGUiOjE4MDAwMDAwMDAwMDAsInJlYWQiOjMwMDAwMDAwMDAwMCwidXBkYXRlIjoxODAwMDAwMDAwMDAwfSwic2NoZW1hX3ZlcnNpb24iOiIxIn0=",
          "dependencies": [
            "azurerm_resource_group.rg",
            "azurerm_service_plan.plan"
          ]
        }
      ]
    },
    {
      "mode": "managed",
      "type": "azurerm_resource_group",
      "name": "rg",
      "provider": "provider[\"registry.terraform.io/hashicorp/azurerm\"]",
      "instances": [
        {
          "schema_version": 0,
          "attributes": {
            "id": "/subscriptions/77a533fe-dd68-4f86-b3bd-f13adaaa286a/resourceGroups/rg-chaine-devops",
            "location": "spaincentral",
            "managed_by": "",
            "name": "rg-chaine-devops",
            "tags": null,
            "timeouts": null
          },
          "sensitive_attributes": [],
          "identity_schema_version": 0,
          "identity": {
            "name": "rg-chaine-devops",
            "subscription_id": "77a533fe-dd68-4f86-b3bd-f13adaaa286a"
          },
          "private": "eyJlMmJmYjczMC1lY2FhLTExZTYtOGY4OC0zNDM2M2JjN2M0YzAiOnsiY3JlYXRlIjo1NDAwMDAwMDAwMDAwLCJkZWxldGUiOjU0MDAwMDAwMDAwMDAsInJlYWQiOjMwMDAwMDAwMDAwMCwidXBkYXRlIjo1NDAwMDAwMDAwMDAwfX0="
        }
      ]
    },
    {
      "mode": "managed",
      "type": "azurerm_service_plan",
      "name": "plan",
      "provider": "provider[\"registry.terraform.io/hashicorp/azurerm\"]",
      "instances": [
        {
          "schema_version": 1,
          "attributes": {
            "app_service_environment_id": "",
            "id": "/subscriptions/77a533fe-dd68-4f86-b3bd-f13adaaa286a/resourceGroups/rg-chaine-devops/providers/Microsoft.Web/serverFarms/plan-chaine-devops",
            "kind": "linux",
            "location": "spaincentral",
            "maximum_elastic_worker_count": 1,
            "name": "plan-chaine-devops",
            "os_type": "Linux",
            "per_site_scaling_enabled": false,
            "premium_plan_auto_scale_enabled": false,
            "reserved": true,
            "resource_group_name": "rg-chaine-devops",
            "sku_name": "F1",
            "tags": null,
            "timeouts": null,
            "worker_count": 1,
            "zone_balancing_enabled": false
          },
          "sensitive_attributes": [],
          "identity_schema_version": 0,
          "identity": {
            "name": "plan-chaine-devops",
            "resource_group_name": "rg-chaine-devops",
            "subscription_id": "77a533fe-dd68-4f86-b3bd-f13adaaa286a"
          },
          "private": "eyJlMmJmYjczMC1lY2FhLTExZTYtOGY4OC0zNDM2M2JjN2M0YzAiOnsiY3JlYXRlIjozNjAwMDAwMDAwMDAwLCJkZWxldGUiOjM2MDAwMDAwMDAwMDAsInJlYWQiOjMwMDAwMDAwMDAwMCwidXBkYXRlIjozNjAwMDAwMDAwMDAwfSwic2NoZW1hX3ZlcnNpb24iOiIxIn0=",
          "dependencies": [
            "azurerm_resource_group.rg"
          ]
        }
      ]
    }
  ],
  "check_results": null
}
